
Microsoft Visual Studio Solution File, Format Version 12.00
# Visual Studio 2013
VisualStudioVersion = 12.0.21005.1
MinimumVisualStudioVersion = 10.0.40219.1
Project("{159641D6-6404-4A2A-AE62-294DE0FE8301}") = "WhitneyKing_SSISTutorial", "WhitneyKing_SSISTutorial\WhitneyKing_SSISTutorial.dtproj", "{836D6581-0F4C-4F58-9927-E04BC85C703B}"
EndProject
Global
	GlobalSection(SolutionConfigurationPlatforms) = preSolution
		Development|Default = Development|Default
	EndGlobalSection
	GlobalSection(ProjectConfigurationPlatforms) = postSolution
		{836D6581-0F4C-4F58-9927-E04BC85C703B}.Development|Default.ActiveCfg = Development
		{836D6581-0F4C-4F58-9927-E04BC85C703B}.Development|Default.Build.0 = Development
	EndGlobalSection
	GlobalSection(SolutionProperties) = preSolution
		HideSolutionNode = FALSE
	EndGlobalSection
EndGlobal
