
Microsoft Visual Studio Solution File, Format Version 11.00
# Visual Studio 2010
Project("{D2ABAB84-BF74-430A-B69E-9DC6D40DDA17}") = "SalesCube", "SalesCube\SalesCube.dwproj", "{23CFF134-D9FD-41E3-B989-3B5E12453322}"
EndProject
Global
	GlobalSection(SolutionConfigurationPlatforms) = preSolution
		Development|Default = Development|Default
	EndGlobalSection
	GlobalSection(ProjectConfigurationPlatforms) = postSolution
		{23CFF134-D9FD-41E3-B989-3B5E12453322}.Development|Default.ActiveCfg = Development
		{23CFF134-D9FD-41E3-B989-3B5E12453322}.Development|Default.Build.0 = Development
		{23CFF134-D9FD-41E3-B989-3B5E12453322}.Development|Default.Deploy.0 = Development
	EndGlobalSection
	GlobalSection(SolutionProperties) = preSolution
		HideSolutionNode = FALSE
	EndGlobalSection
EndGlobal
