
Microsoft Visual Studio Solution File, Format Version 11.00
# Visual Studio 2010
Project("{D2ABAB84-BF74-430A-B69E-9DC6D40DDA17}") = "WhitneyKing_BUSIT205_Final", "WhitneyKing_BUSIT205_Final\WhitneyKing_BUSIT205_Final.dwproj", "{A03DA31D-69C3-45CE-BB62-BF335C52F38B}"
EndProject
Global
	GlobalSection(SolutionConfigurationPlatforms) = preSolution
		Development|Default = Development|Default
	EndGlobalSection
	GlobalSection(ProjectConfigurationPlatforms) = postSolution
		{A03DA31D-69C3-45CE-BB62-BF335C52F38B}.Development|Default.ActiveCfg = Development
		{A03DA31D-69C3-45CE-BB62-BF335C52F38B}.Development|Default.Build.0 = Development
		{A03DA31D-69C3-45CE-BB62-BF335C52F38B}.Development|Default.Deploy.0 = Development
	EndGlobalSection
	GlobalSection(SolutionProperties) = preSolution
		HideSolutionNode = FALSE
	EndGlobalSection
EndGlobal
