
Microsoft Visual Studio Solution File, Format Version 12.00
# Visual Studio 2013
VisualStudioVersion = 12.0.21005.1
MinimumVisualStudioVersion = 10.0.40219.1
Project("{159641D6-6404-4A2A-AE62-294DE0FE8301}") = "WhitneyKing_Mod6", "WhitneyKing_Mod6\WhitneyKing_Mod6.dtproj", "{970445A5-33D8-45FD-9753-756226E4852E}"
EndProject
Global
	GlobalSection(SolutionConfigurationPlatforms) = preSolution
		Development|Default = Development|Default
	EndGlobalSection
	GlobalSection(ProjectConfigurationPlatforms) = postSolution
		{970445A5-33D8-45FD-9753-756226E4852E}.Development|Default.ActiveCfg = Development
		{970445A5-33D8-45FD-9753-756226E4852E}.Development|Default.Build.0 = Development
	EndGlobalSection
	GlobalSection(SolutionProperties) = preSolution
		HideSolutionNode = FALSE
	EndGlobalSection
EndGlobal
