
Microsoft Visual Studio Solution File, Format Version 11.00
# Visual Studio 2010
Project("{D2ABAB84-BF74-430A-B69E-9DC6D40DDA17}") = "InventoryManagerCubes", "InventoryManagerCubes\InventoryManagerCubes.dwproj", "{11C7BFA8-13FA-48F0-9254-55D902FE1FB1}"
EndProject
Global
	GlobalSection(SolutionConfigurationPlatforms) = preSolution
		Development|Default = Development|Default
	EndGlobalSection
	GlobalSection(ProjectConfigurationPlatforms) = postSolution
		{11C7BFA8-13FA-48F0-9254-55D902FE1FB1}.Development|Default.ActiveCfg = Development
		{11C7BFA8-13FA-48F0-9254-55D902FE1FB1}.Development|Default.Build.0 = Development
		{11C7BFA8-13FA-48F0-9254-55D902FE1FB1}.Development|Default.Deploy.0 = Development
	EndGlobalSection
	GlobalSection(SolutionProperties) = preSolution
		HideSolutionNode = FALSE
	EndGlobalSection
EndGlobal
