
Microsoft Visual Studio Solution File, Format Version 12.00
# Visual Studio 2012
Project("{F14B399A-7131-4C87-9E4B-1186C45EF12D}") = "King-Chapter06", "King-Chapter06.rptproj", "{75EC6115-2404-426D-BBF4-59F2A336BFCC}"
EndProject
Global
	GlobalSection(SolutionConfigurationPlatforms) = preSolution
		Debug|Default = Debug|Default
		DebugLocal|Default = DebugLocal|Default
		Release|Default = Release|Default
	EndGlobalSection
	GlobalSection(ProjectConfigurationPlatforms) = postSolution
		{75EC6115-2404-426D-BBF4-59F2A336BFCC}.Debug|Default.ActiveCfg = Debug
		{75EC6115-2404-426D-BBF4-59F2A336BFCC}.Debug|Default.Build.0 = Debug
		{75EC6115-2404-426D-BBF4-59F2A336BFCC}.Debug|Default.Deploy.0 = Debug
		{75EC6115-2404-426D-BBF4-59F2A336BFCC}.DebugLocal|Default.ActiveCfg = DebugLocal
		{75EC6115-2404-426D-BBF4-59F2A336BFCC}.DebugLocal|Default.Build.0 = DebugLocal
		{75EC6115-2404-426D-BBF4-59F2A336BFCC}.Release|Default.ActiveCfg = Release
		{75EC6115-2404-426D-BBF4-59F2A336BFCC}.Release|Default.Build.0 = Release
		{75EC6115-2404-426D-BBF4-59F2A336BFCC}.Release|Default.Deploy.0 = Release
	EndGlobalSection
	GlobalSection(SolutionProperties) = preSolution
		HideSolutionNode = FALSE
	EndGlobalSection
EndGlobal
